
Microsoft Visual Studio Solution File, Format Version 12.00
# Visual Studio 15
VisualStudioVersion = 15.0.26430.6
MinimumVisualStudioVersion = 10.0.40219.1
Project("{F184B08F-C81C-45F6-A57F-5ABD9991F28F}") = "ProjectDigitaMark002", "ProjectDigitaMark002\ProjectDigitaMark002.vbproj", "{400FA94B-04F7-4CBC-B958-60906275BBCB}"
EndProject
Project("{F184B08F-C81C-45F6-A57F-5ABD9991F28F}") = "test", "..\..\..\..\Desktop\Kelvin Program\noxus_oct_8\mas latest sept 11\latest\test\test.vbproj", "{3EF2D0AC-D123-4122-BF3E-721BA871325C}"
EndProject
Project("{F184B08F-C81C-45F6-A57F-5ABD9991F28F}") = "scrap", "..\ProjectDigitalMark003\mas latest sept 11\latest\test\scrap.vbproj", "{C6A505BF-58C9-4100-BF72-41B757A757DC}"
EndProject
Project("{F184B08F-C81C-45F6-A57F-5ABD9991F28F}") = "Ivan finals", "..\..\..\..\Desktop\Camus VB.net Finals\Ivan finals\Ivan finals\Ivan finals.vbproj", "{0795AFD9-F99B-449F-8609-71F912096F6C}"
EndProject
Global
	GlobalSection(SolutionConfigurationPlatforms) = preSolution
		Debug|Any CPU = Debug|Any CPU
		Release|Any CPU = Release|Any CPU
	EndGlobalSection
	GlobalSection(ProjectConfigurationPlatforms) = postSolution
		{400FA94B-04F7-4CBC-B958-60906275BBCB}.Debug|Any CPU.ActiveCfg = Debug|Any CPU
		{400FA94B-04F7-4CBC-B958-60906275BBCB}.Debug|Any CPU.Build.0 = Debug|Any CPU
		{400FA94B-04F7-4CBC-B958-60906275BBCB}.Release|Any CPU.ActiveCfg = Release|Any CPU
		{400FA94B-04F7-4CBC-B958-60906275BBCB}.Release|Any CPU.Build.0 = Release|Any CPU
		{3EF2D0AC-D123-4122-BF3E-721BA871325C}.Debug|Any CPU.ActiveCfg = Debug|Any CPU
		{3EF2D0AC-D123-4122-BF3E-721BA871325C}.Debug|Any CPU.Build.0 = Debug|Any CPU
		{3EF2D0AC-D123-4122-BF3E-721BA871325C}.Release|Any CPU.ActiveCfg = Release|Any CPU
		{3EF2D0AC-D123-4122-BF3E-721BA871325C}.Release|Any CPU.Build.0 = Release|Any CPU
		{C6A505BF-58C9-4100-BF72-41B757A757DC}.Debug|Any CPU.ActiveCfg = Debug|Any CPU
		{C6A505BF-58C9-4100-BF72-41B757A757DC}.Debug|Any CPU.Build.0 = Debug|Any CPU
		{C6A505BF-58C9-4100-BF72-41B757A757DC}.Release|Any CPU.ActiveCfg = Release|Any CPU
		{C6A505BF-58C9-4100-BF72-41B757A757DC}.Release|Any CPU.Build.0 = Release|Any CPU
		{0795AFD9-F99B-449F-8609-71F912096F6C}.Debug|Any CPU.ActiveCfg = Debug|Any CPU
		{0795AFD9-F99B-449F-8609-71F912096F6C}.Debug|Any CPU.Build.0 = Debug|Any CPU
		{0795AFD9-F99B-449F-8609-71F912096F6C}.Release|Any CPU.ActiveCfg = Release|Any CPU
		{0795AFD9-F99B-449F-8609-71F912096F6C}.Release|Any CPU.Build.0 = Release|Any CPU
	EndGlobalSection
	GlobalSection(SolutionProperties) = preSolution
		HideSolutionNode = FALSE
	EndGlobalSection
EndGlobal
